
Microsoft Visual Studio Solution File, Format Version 12.00
# Visual Studio Version 17
VisualStudioVersion = 17.9.34622.214
MinimumVisualStudioVersion = 10.0.40219.1
Project("{FAE04EC0-301F-11D3-BF4B-00C04F79EFBC}") = "HW2Task1", "HW2Task1\HW2Task1.csproj", "{1F9A89DC-6F92-48CC-A8DB-F93B7A929C01}"
EndProject
Global
	GlobalSection(SolutionConfigurationPlatforms) = preSolution
		Debug|Any CPU = Debug|Any CPU
		Release|Any CPU = Release|Any CPU
	EndGlobalSection
	GlobalSection(ProjectConfigurationPlatforms) = postSolution
		{1F9A89DC-6F92-48CC-A8DB-F93B7A929C01}.Debug|Any CPU.ActiveCfg = Debug|Any CPU
		{1F9A89DC-6F92-48CC-A8DB-F93B7A929C01}.Debug|Any CPU.Build.0 = Debug|Any CPU
		{1F9A89DC-6F92-48CC-A8DB-F93B7A929C01}.Release|Any CPU.ActiveCfg = Release|Any CPU
		{1F9A89DC-6F92-48CC-A8DB-F93B7A929C01}.Release|Any CPU.Build.0 = Release|Any CPU
	EndGlobalSection
	GlobalSection(SolutionProperties) = preSolution
		HideSolutionNode = FALSE
	EndGlobalSection
	GlobalSection(ExtensibilityGlobals) = postSolution
		SolutionGuid = {7A62FD90-C92F-4F9A-9175-39CDC9F21502}
	EndGlobalSection
EndGlobal
